<?xml version="1.0" encoding="utf-8"?>
<Project ToolsVersion="4.0" xmlns="http://schemas.microsoft.com/developer/msbuild/2003">
  <ItemGroup>
    <Filter Include="Source Files">
      <UniqueIdentifier>{4FC737F1-C7A5-4376-A066-2A32D752A2FF}</UniqueIdentifier>
      <Extensions>cpp;c;cc;cxx;c++;cppm;ixx;def;odl;idl;hpj;bat;asm;asmx</Extensions>
    </Filter>
    <Filter Include="Header Files">
      <UniqueIdentifier>{93995380-89BD-4b04-88EB-625FBE52EBFB}</UniqueIdentifier>
      <Extensions>h;hh;hpp;hxx;h++;hm;inl;inc;ipp;xsd</Extensions>
    </Filter>
    <Filter Include="Resource Files">
      <UniqueIdentifier>{67DA6AB6-F800-4c08-8B7A-83BB121AAD01}</UniqueIdentifier>
      <Extensions>rc;ico;cur;bmp;dlg;rc2;rct;bin;rgs;gif;jpg;jpeg;jpe;resx;tiff;tif;png;wav;mfcribbon-ms</Extensions>
    </Filter>
  </ItemGroup>
  <ItemGroup>
    <ClCompile Include="main.cpp">
      <Filter>Source Files</Filter>
    </ClCompile>
    <ClCompile Include="Player.cpp">
      <Filter>Source Files</Filter>
    </ClCompile>
    <ClCompile Include="Potion.cpp">
      <Filter>Source Files</Filter>
    </ClCompile>
    <ClCompile Include="Macro.cpp">
      <Filter>Source Files</Filter>
    </ClCompile>
    <ClCompile Include="ConsoleWindowManager.cpp">
      <Filter>Source Files</Filter>
    </ClCompile>
    <ClCompile Include="MapManager.cpp">
      <Filter>Source Files</Filter>
    </ClCompile>
    <ClCompile Include="TitleScreenManager.cpp">
      <Filter>Source Files</Filter>
    </ClCompile>
    <ClCompile Include="InventoryManager.cpp">
      <Filter>Source Files</Filter>
    </ClCompile>
    <ClCompile Include="ConsoleRendering.cpp">
      <Filter>Source Files</Filter>
    </ClCompile>
    <ClCompile Include="Debug.cpp">
      <Filter>Source Files</Filter>
    </ClCompile>
    <ClCompile Include="RandomItemGenerator.cpp">
      <Filter>Source Files</Filter>
    </ClCompile>
    <ClCompile Include="RandomWeapon.cpp">
      <Filter>Source Files</Filter>
    </ClCompile>
    <ClCompile Include="GenericFriendly.cpp">
      <Filter>Source Files</Filter>
    </ClCompile>
    <ClCompile Include="Enemy.cpp">
      <Filter>Source Files</Filter>
    </ClCompile>
    <ClCompile Include="NonPlayableCharacter.cpp">
      <Filter>Source Files</Filter>
    </ClCompile>
    <ClCompile Include="CombatManager.cpp">
      <Filter>Source Files</Filter>
    </ClCompile>
  </ItemGroup>
  <ItemGroup>
    <ClInclude Include="Player.h">
      <Filter>Header Files</Filter>
    </ClInclude>
    <ClInclude Include="Potion.h">
      <Filter>Header Files</Filter>
    </ClInclude>
    <ClInclude Include="RandomWeaponGenerator.h">
      <Filter>Header Files</Filter>
    </ClInclude>
    <ClInclude Include="Armour.h">
      <Filter>Header Files</Filter>
    </ClInclude>
    <ClInclude Include="Macro.h">
      <Filter>Header Files</Filter>
    </ClInclude>
    <ClInclude Include="ConsoleWindowManager.h">
      <Filter>Header Files</Filter>
    </ClInclude>
    <ClInclude Include="MapManager.h">
      <Filter>Header Files</Filter>
    </ClInclude>
    <ClInclude Include="TitleScreenManager.h">
      <Filter>Header Files</Filter>
    </ClInclude>
    <ClInclude Include="InventoryManager.h">
      <Filter>Header Files</Filter>
    </ClInclude>
    <ClInclude Include="ConsoleRendering.h">
      <Filter>Header Files</Filter>
    </ClInclude>
    <ClInclude Include="Debug.h">
      <Filter>Header Files</Filter>
    </ClInclude>
    <ClInclude Include="UserInterfaceManger.h">
      <Filter>Header Files</Filter>
    </ClInclude>
    <ClInclude Include="RandomItemGenerator.h">
      <Filter>Header Files</Filter>
    </ClInclude>
    <ClInclude Include="RandomWeapon.h">
      <Filter>Header Files</Filter>
    </ClInclude>
    <ClInclude Include="GenericFriendly.h">
      <Filter>Header Files</Filter>
    </ClInclude>
    <ClInclude Include="Enemy.h">
      <Filter>Header Files</Filter>
    </ClInclude>
    <ClInclude Include="NonPlayableCharacter.h">
      <Filter>Header Files</Filter>
    </ClInclude>
    <ClInclude Include="CombatManager.h">
      <Filter>Header Files</Filter>
    </ClInclude>
  </ItemGroup>
  <ItemGroup>
    <Text Include="MAP_1.txt">
      <Filter>Resource Files</Filter>
    </Text>
    <Text Include="MAP_2.txt">
      <Filter>Resource Files</Filter>
    </Text>
    <Text Include="TITLE_Rogue.txt">
      <Filter>Resource Files</Filter>
    </Text>
    <Text Include="ITEM_WeaponNames.txt">
      <Filter>Resource Files</Filter>
    </Text>
    <Text Include="NPC_EnemyNames.txt">
      <Filter>Resource Files</Filter>
    </Text>
    <Text Include="NPC_Messages.txt">
      <Filter>Resource Files</Filter>
    </Text>
    <Text Include="NPC_PassiveNames.txt">
      <Filter>Resource Files</Filter>
    </Text>
    <Text Include="MAP_3.txt">
      <Filter>Resource Files</Filter>
    </Text>
    <Text Include="MAP_4.txt">
      <Filter>Resource Files</Filter>
    </Text>
    <Text Include="MAP_5.txt">
      <Filter>Resource Files</Filter>
    </Text>
    <Text Include="MAP_6.txt">
      <Filter>Resource Files</Filter>
    </Text>
    <Text Include="MAP_7.txt">
      <Filter>Resource Files</Filter>
    </Text>
  </ItemGroup>
</Project>